// !$*UTF8*$!
{
	archiveVersion = 1;
	classes = {
	};
	objectVersion = 46;
	objects = {

/* Begin PBXBuildFile section */
		388A43581C7F5E940015B2E3 /* BeelerReuterModel.cpp in Sources */ = {isa = PBXBuildFile; fileRef = 388A43461C7F5E940015B2E3 /* BeelerReuterModel.cpp */; };
		388A43591C7F5E940015B2E3 /* generic2dtissue.cpp in Sources */ = {isa = PBXBuildFile; fileRef = 388A43481C7F5E940015B2E3 /* generic2dtissue.cpp */; };
		388A435A1C7F5E940015B2E3 /* genericbrischtissue.cpp in Sources */ = {isa = PBXBuildFile; fileRef = 388A434A1C7F5E940015B2E3 /* genericbrischtissue.cpp */; };
		388A435B1C7F5E940015B2E3 /* ischbr.cpp in Sources */ = {isa = PBXBuildFile; fileRef = 388A434C1C7F5E940015B2E3 /* ischbr.cpp */; };
		388A435C1C7F5E940015B2E3 /* main.cpp in Sources */ = {isa = PBXBuildFile; fileRef = 388A434E1C7F5E940015B2E3 /* main.cpp */; };
		388A435D1C7F5E940015B2E3 /* Model.cpp in Sources */ = {isa = PBXBuildFile; fileRef = 388A434F1C7F5E940015B2E3 /* Model.cpp */; };
		388A435E1C7F5E940015B2E3 /* modelType.cpp in Sources */ = {isa = PBXBuildFile; fileRef = 388A43511C7F5E940015B2E3 /* modelType.cpp */; };
		388A435F1C7F5E940015B2E3 /* SimMeth.cpp in Sources */ = {isa = PBXBuildFile; fileRef = 388A43531C7F5E940015B2E3 /* SimMeth.cpp */; };
		388A43601C7F5E940015B2E3 /* Simulator.cpp in Sources */ = {isa = PBXBuildFile; fileRef = 388A43551C7F5E940015B2E3 /* Simulator.cpp */; };
/* End PBXBuildFile section */

/* Begin PBXCopyFilesBuildPhase section */
		388A43381C7F5E360015B2E3 /* CopyFiles */ = {
			isa = PBXCopyFilesBuildPhase;
			buildActionMask = 2147483647;
			dstPath = /usr/share/man/man1/;
			dstSubfolderSpec = 0;
			files = (
			);
			runOnlyForDeploymentPostprocessing = 1;
		};
/* End PBXCopyFilesBuildPhase section */

/* Begin PBXFileReference section */
		388A433A1C7F5E360015B2E3 /* M2SLv0.1_EP */ = {isa = PBXFileReference; explicitFileType = "compiled.mach-o.executable"; includeInIndex = 0; path = M2SLv0.1_EP; sourceTree = BUILT_PRODUCTS_DIR; };
		388A43461C7F5E940015B2E3 /* BeelerReuterModel.cpp */ = {isa = PBXFileReference; fileEncoding = 4; lastKnownFileType = sourcecode.cpp.cpp; path = BeelerReuterModel.cpp; sourceTree = "<group>"; };
		388A43471C7F5E940015B2E3 /* BeelerReuterModel.h */ = {isa = PBXFileReference; fileEncoding = 4; lastKnownFileType = sourcecode.c.h; path = BeelerReuterModel.h; sourceTree = "<group>"; };
		388A43481C7F5E940015B2E3 /* generic2dtissue.cpp */ = {isa = PBXFileReference; fileEncoding = 4; lastKnownFileType = sourcecode.cpp.cpp; path = generic2dtissue.cpp; sourceTree = "<group>"; };
		388A43491C7F5E940015B2E3 /* generic2dtissue.h */ = {isa = PBXFileReference; fileEncoding = 4; lastKnownFileType = sourcecode.c.h; path = generic2dtissue.h; sourceTree = "<group>"; };
		388A434A1C7F5E940015B2E3 /* genericbrischtissue.cpp */ = {isa = PBXFileReference; fileEncoding = 4; lastKnownFileType = sourcecode.cpp.cpp; path = genericbrischtissue.cpp; sourceTree = "<group>"; };
		388A434B1C7F5E940015B2E3 /* genericbrischtissue.h */ = {isa = PBXFileReference; fileEncoding = 4; lastKnownFileType = sourcecode.c.h; path = genericbrischtissue.h; sourceTree = "<group>"; };
		388A434C1C7F5E940015B2E3 /* ischbr.cpp */ = {isa = PBXFileReference; fileEncoding = 4; lastKnownFileType = sourcecode.cpp.cpp; path = ischbr.cpp; sourceTree = "<group>"; };
		388A434D1C7F5E940015B2E3 /* ischbr.h */ = {isa = PBXFileReference; fileEncoding = 4; lastKnownFileType = sourcecode.c.h; path = ischbr.h; sourceTree = "<group>"; };
		388A434E1C7F5E940015B2E3 /* main.cpp */ = {isa = PBXFileReference; fileEncoding = 4; lastKnownFileType = sourcecode.cpp.cpp; path = main.cpp; sourceTree = "<group>"; };
		388A434F1C7F5E940015B2E3 /* Model.cpp */ = {isa = PBXFileReference; fileEncoding = 4; lastKnownFileType = sourcecode.cpp.cpp; path = Model.cpp; sourceTree = "<group>"; };
		388A43501C7F5E940015B2E3 /* Model.h */ = {isa = PBXFileReference; fileEncoding = 4; lastKnownFileType = sourcecode.c.h; path = Model.h; sourceTree = "<group>"; };
		388A43511C7F5E940015B2E3 /* modelType.cpp */ = {isa = PBXFileReference; fileEncoding = 4; lastKnownFileType = sourcecode.cpp.cpp; path = modelType.cpp; sourceTree = "<group>"; };
		388A43521C7F5E940015B2E3 /* modelType.h */ = {isa = PBXFileReference; fileEncoding = 4; lastKnownFileType = sourcecode.c.h; path = modelType.h; sourceTree = "<group>"; };
		388A43531C7F5E940015B2E3 /* SimMeth.cpp */ = {isa = PBXFileReference; fileEncoding = 4; lastKnownFileType = sourcecode.cpp.cpp; path = SimMeth.cpp; sourceTree = "<group>"; };
		388A43541C7F5E940015B2E3 /* SimMeth.h */ = {isa = PBXFileReference; fileEncoding = 4; lastKnownFileType = sourcecode.c.h; path = SimMeth.h; sourceTree = "<group>"; };
		388A43551C7F5E940015B2E3 /* Simulator.cpp */ = {isa = PBXFileReference; fileEncoding = 4; lastKnownFileType = sourcecode.cpp.cpp; path = Simulator.cpp; sourceTree = "<group>"; };
		388A43561C7F5E940015B2E3 /* Simulator.h */ = {isa = PBXFileReference; fileEncoding = 4; lastKnownFileType = sourcecode.c.h; path = Simulator.h; sourceTree = "<group>"; };
/* End PBXFileReference section */

/* Begin PBXFrameworksBuildPhase section */
		388A43371C7F5E360015B2E3 /* Frameworks */ = {
			isa = PBXFrameworksBuildPhase;
			buildActionMask = 2147483647;
			files = (
			);
			runOnlyForDeploymentPostprocessing = 0;
		};
/* End PBXFrameworksBuildPhase section */

/* Begin PBXGroup section */
		388A43311C7F5E360015B2E3 = {
			isa = PBXGroup;
			children = (
				388A433C1C7F5E360015B2E3 /* M2SLv0.1_EP */,
				388A433B1C7F5E360015B2E3 /* Products */,
			);
			sourceTree = "<group>";
		};
		388A433B1C7F5E360015B2E3 /* Products */ = {
			isa = PBXGroup;
			children = (
				388A433A1C7F5E360015B2E3 /* M2SLv0.1_EP */,
			);
			name = Products;
			sourceTree = "<group>";
		};
		388A433C1C7F5E360015B2E3 /* M2SLv0.1_EP */ = {
			isa = PBXGroup;
			children = (
				388A43461C7F5E940015B2E3 /* BeelerReuterModel.cpp */,
				388A43471C7F5E940015B2E3 /* BeelerReuterModel.h */,
				388A43481C7F5E940015B2E3 /* generic2dtissue.cpp */,
				388A43491C7F5E940015B2E3 /* generic2dtissue.h */,
				388A434A1C7F5E940015B2E3 /* genericbrischtissue.cpp */,
				388A434B1C7F5E940015B2E3 /* genericbrischtissue.h */,
				388A434C1C7F5E940015B2E3 /* ischbr.cpp */,
				388A434D1C7F5E940015B2E3 /* ischbr.h */,
				388A434E1C7F5E940015B2E3 /* main.cpp */,
				388A434F1C7F5E940015B2E3 /* Model.cpp */,
				388A43501C7F5E940015B2E3 /* Model.h */,
				388A43511C7F5E940015B2E3 /* modelType.cpp */,
				388A43521C7F5E940015B2E3 /* modelType.h */,
				388A43531C7F5E940015B2E3 /* SimMeth.cpp */,
				388A43541C7F5E940015B2E3 /* SimMeth.h */,
				388A43551C7F5E940015B2E3 /* Simulator.cpp */,
				388A43561C7F5E940015B2E3 /* Simulator.h */,
			);
			path = M2SLv0.1_EP;
			sourceTree = "<group>";
		};
/* End PBXGroup section */

/* Begin PBXNativeTarget section */
		388A43391C7F5E360015B2E3 /* M2SLv0.1_EP */ = {
			isa = PBXNativeTarget;
			buildConfigurationList = 388A43411C7F5E360015B2E3 /* Build configuration list for PBXNativeTarget "M2SLv0.1_EP" */;
			buildPhases = (
				388A43361C7F5E360015B2E3 /* Sources */,
				388A43371C7F5E360015B2E3 /* Frameworks */,
				388A43381C7F5E360015B2E3 /* CopyFiles */,
			);
			buildRules = (
			);
			dependencies = (
			);
			name = M2SLv0.1_EP;
			productName = M2SLv0.1_EP;
			productReference = 388A433A1C7F5E360015B2E3 /* M2SLv0.1_EP */;
			productType = "com.apple.product-type.tool";
		};
/* End PBXNativeTarget section */

/* Begin PBXProject section */
		388A43321C7F5E360015B2E3 /* Project object */ = {
			isa = PBXProject;
			attributes = {
				LastUpgradeCheck = 0720;
				ORGANIZATIONNAME = "Alfredo Hernández";
				TargetAttributes = {
					388A43391C7F5E360015B2E3 = {
						CreatedOnToolsVersion = 7.2;
					};
				};
			};
			buildConfigurationList = 388A43351C7F5E360015B2E3 /* Build configuration list for PBXProject "M2SLv0.1_EP" */;
			compatibilityVersion = "Xcode 3.2";
			developmentRegion = English;
			hasScannedForEncodings = 0;
			knownRegions = (
				en,
			);
			mainGroup = 388A43311C7F5E360015B2E3;
			productRefGroup = 388A433B1C7F5E360015B2E3 /* Products */;
			projectDirPath = "";
			projectRoot = "";
			targets = (
				388A43391C7F5E360015B2E3 /* M2SLv0.1_EP */,
			);
		};
/* End PBXProject section */

/* Begin PBXSourcesBuildPhase section */
		388A43361C7F5E360015B2E3 /* Sources */ = {
			isa = PBXSourcesBuildPhase;
			buildActionMask = 2147483647;
			files = (
				388A435A1C7F5E940015B2E3 /* genericbrischtissue.cpp in Sources */,
				388A43591C7F5E940015B2E3 /* generic2dtissue.cpp in Sources */,
				388A435E1C7F5E940015B2E3 /* modelType.cpp in Sources */,
				388A435B1C7F5E940015B2E3 /* ischbr.cpp in Sources */,
				388A435D1C7F5E940015B2E3 /* Model.cpp in Sources */,
				388A435C1C7F5E940015B2E3 /* main.cpp in Sources */,
				388A43601C7F5E940015B2E3 /* Simulator.cpp in Sources */,
				388A43581C7F5E940015B2E3 /* BeelerReuterModel.cpp in Sources */,
				388A435F1C7F5E940015B2E3 /* SimMeth.cpp in Sources */,
			);
			runOnlyForDeploymentPostprocessing = 0;
		};
/* End PBXSourcesBuildPhase section */

/* Begin XCBuildConfiguration section */
		388A433F1C7F5E360015B2E3 /* Debug */ = {
			isa = XCBuildConfiguration;
			buildSettings = {
				ALWAYS_SEARCH_USER_PATHS = NO;
				CLANG_CXX_LANGUAGE_STANDARD = "gnu++0x";
				CLANG_CXX_LIBRARY = "libc++";
				CLANG_ENABLE_MODULES = YES;
				CLANG_ENABLE_OBJC_ARC = YES;
				CLANG_WARN_BOOL_CONVERSION = YES;
				CLANG_WARN_CONSTANT_CONVERSION = YES;
				CLANG_WARN_DIRECT_OBJC_ISA_USAGE = YES_ERROR;
				CLANG_WARN_EMPTY_BODY = YES;
				CLANG_WARN_ENUM_CONVERSION = YES;
				CLANG_WARN_INT_CONVERSION = YES;
				CLANG_WARN_OBJC_ROOT_CLASS = YES_ERROR;
				CLANG_WARN_UNREACHABLE_CODE = YES;
				CLANG_WARN__DUPLICATE_METHOD_MATCH = YES;
				CODE_SIGN_IDENTITY = "-";
				COPY_PHASE_STRIP = NO;
				DEBUG_INFORMATION_FORMAT = dwarf;
				ENABLE_STRICT_OBJC_MSGSEND = YES;
				ENABLE_TESTABILITY = YES;
				GCC_C_LANGUAGE_STANDARD = gnu99;
				GCC_DYNAMIC_NO_PIC = NO;
				GCC_NO_COMMON_BLOCKS = YES;
				GCC_OPTIMIZATION_LEVEL = 0;
				GCC_PREPROCESSOR_DEFINITIONS = (
					"DEBUG=1",
					"$(inherited)",
				);
				GCC_WARN_64_TO_32_BIT_CONVERSION = YES;
				GCC_WARN_ABOUT_RETURN_TYPE = YES_ERROR;
				GCC_WARN_UNDECLARED_SELECTOR = YES;
				GCC_WARN_UNINITIALIZED_AUTOS = YES_AGGRESSIVE;
				GCC_WARN_UNUSED_FUNCTION = YES;
				GCC_WARN_UNUSED_VARIABLE = YES;
				MACOSX_DEPLOYMENT_TARGET = 10.11;
				MTL_ENABLE_DEBUG_INFO = YES;
				ONLY_ACTIVE_ARCH = YES;
				SDKROOT = macosx;
			};
			name = Debug;
		};
		388A43401C7F5E360015B2E3 /* Release */ = {
			isa = XCBuildConfiguration;
			buildSettings = {
				ALWAYS_SEARCH_USER_PATHS = NO;
				CLANG_CXX_LANGUAGE_STANDARD = "gnu++0x";
				CLANG_CXX_LIBRARY = "libc++";
				CLANG_ENABLE_MODULES = YES;
				CLANG_ENABLE_OBJC_ARC = YES;
				CLANG_WARN_BOOL_CONVERSION = YES;
				CLANG_WARN_CONSTANT_CONVERSION = YES;
				CLANG_WARN_DIRECT_OBJC_ISA_USAGE = YES_ERROR;
				CLANG_WARN_EMPTY_BODY = YES;
				CLANG_WARN_ENUM_CONVERSION = YES;
				CLANG_WARN_INT_CONVERSION = YES;
				CLANG_WARN_OBJC_ROOT_CLASS = YES_ERROR;
				CLANG_WARN_UNREACHABLE_CODE = YES;
				CLANG_WARN__DUPLICATE_METHOD_MATCH = YES;
				CODE_SIGN_IDENTITY = "-";
				COPY_PHASE_STRIP = NO;
				DEBUG_INFORMATION_FORMAT = "dwarf-with-dsym";
				ENABLE_NS_ASSERTIONS = NO;
				ENABLE_STRICT_OBJC_MSGSEND = YES;
				GCC_C_LANGUAGE_STANDARD = gnu99;
				GCC_NO_COMMON_BLOCKS = YES;
				GCC_WARN_64_TO_32_BIT_CONVERSION = YES;
				GCC_WARN_ABOUT_RETURN_TYPE = YES_ERROR;
				GCC_WARN_UNDECLARED_SELECTOR = YES;
				GCC_WARN_UNINITIALIZED_AUTOS = YES_AGGRESSIVE;
				GCC_WARN_UNUSED_FUNCTION = YES;
				GCC_WARN_UNUSED_VARIABLE = YES;
				MACOSX_DEPLOYMENT_TARGET = 10.11;
				MTL_ENABLE_DEBUG_INFO = NO;
				SDKROOT = macosx;
			};
			name = Release;
		};
		388A43421C7F5E360015B2E3 /* Debug */ = {
			isa = XCBuildConfiguration;
			buildSettings = {
				PRODUCT_NAME = "$(TARGET_NAME)";
			};
			name = Debug;
		};
		388A43431C7F5E360015B2E3 /* Release */ = {
			isa = XCBuildConfiguration;
			buildSettings = {
				PRODUCT_NAME = "$(TARGET_NAME)";
			};
			name = Release;
		};
/* End XCBuildConfiguration section */

/* Begin XCConfigurationList section */
		388A43351C7F5E360015B2E3 /* Build configuration list for PBXProject "M2SLv0.1_EP" */ = {
			isa = XCConfigurationList;
			buildConfigurations = (
				388A433F1C7F5E360015B2E3 /* Debug */,
				388A43401C7F5E360015B2E3 /* Release */,
			);
			defaultConfigurationIsVisible = 0;
			defaultConfigurationName = Release;
		};
		388A43411C7F5E360015B2E3 /* Build configuration list for PBXNativeTarget "M2SLv0.1_EP" */ = {
			isa = XCConfigurationList;
			buildConfigurations = (
				388A43421C7F5E360015B2E3 /* Debug */,
				388A43431C7F5E360015B2E3 /* Release */,
			);
			defaultConfigurationIsVisible = 0;
			defaultConfigurationName = Release;
		};
/* End XCConfigurationList section */
	};
	rootObject = 388A43321C7F5E360015B2E3 /* Project object */;
}
